
Microsoft Visual Studio Solution File, Format Version 12.00
# Visual Studio Version 17
VisualStudioVersion = 17.14.36301.6
MinimumVisualStudioVersion = 10.0.40219.1
Project("{FAE04EC0-301F-11D3-BF4B-00C04F79EFBC}") = "WebAPI", "WebAPI\WebAPI.csproj", "{195C762E-C797-4639-90AA-193E92AD1DE2}"
EndProject
Project("{FAE04EC0-301F-11D3-BF4B-00C04F79EFBC}") = "Business", "Business\Business.csproj", "{C0A08004-B1B8-4C8E-83AF-05AA6147A422}"
EndProject
Project("{FAE04EC0-301F-11D3-BF4B-00C04F79EFBC}") = "Entities", "Entities\Entities.csproj", "{398017AC-FC8A-4A9C-BCCA-C2E8372A1409}"
EndProject
Project("{FAE04EC0-301F-11D3-BF4B-00C04F79EFBC}") = "DataAccess", "DataAccess\DataAccess.csproj", "{C54F3E29-E0BB-46F7-8722-CB0C359F599E}"
EndProject
Project("{FAE04EC0-301F-11D3-BF4B-00C04F79EFBC}") = "Core", "Core\Core.csproj", "{371D6448-7D0E-446C-9792-77F7122C9E8F}"
EndProject
Global
	GlobalSection(SolutionConfigurationPlatforms) = preSolution
		Debug|Any CPU = Debug|Any CPU
		Release|Any CPU = Release|Any CPU
	EndGlobalSection
	GlobalSection(ProjectConfigurationPlatforms) = postSolution
		{195C762E-C797-4639-90AA-193E92AD1DE2}.Debug|Any CPU.ActiveCfg = Debug|Any CPU
		{195C762E-C797-4639-90AA-193E92AD1DE2}.Debug|Any CPU.Build.0 = Debug|Any CPU
		{195C762E-C797-4639-90AA-193E92AD1DE2}.Release|Any CPU.ActiveCfg = Release|Any CPU
		{195C762E-C797-4639-90AA-193E92AD1DE2}.Release|Any CPU.Build.0 = Release|Any CPU
		{C0A08004-B1B8-4C8E-83AF-05AA6147A422}.Debug|Any CPU.ActiveCfg = Debug|Any CPU
		{C0A08004-B1B8-4C8E-83AF-05AA6147A422}.Debug|Any CPU.Build.0 = Debug|Any CPU
		{C0A08004-B1B8-4C8E-83AF-05AA6147A422}.Release|Any CPU.ActiveCfg = Release|Any CPU
		{C0A08004-B1B8-4C8E-83AF-05AA6147A422}.Release|Any CPU.Build.0 = Release|Any CPU
		{398017AC-FC8A-4A9C-BCCA-C2E8372A1409}.Debug|Any CPU.ActiveCfg = Debug|Any CPU
		{398017AC-FC8A-4A9C-BCCA-C2E8372A1409}.Debug|Any CPU.Build.0 = Debug|Any CPU
		{398017AC-FC8A-4A9C-BCCA-C2E8372A1409}.Release|Any CPU.ActiveCfg = Release|Any CPU
		{398017AC-FC8A-4A9C-BCCA-C2E8372A1409}.Release|Any CPU.Build.0 = Release|Any CPU
		{C54F3E29-E0BB-46F7-8722-CB0C359F599E}.Debug|Any CPU.ActiveCfg = Debug|Any CPU
		{C54F3E29-E0BB-46F7-8722-CB0C359F599E}.Debug|Any CPU.Build.0 = Debug|Any CPU
		{C54F3E29-E0BB-46F7-8722-CB0C359F599E}.Release|Any CPU.ActiveCfg = Release|Any CPU
		{C54F3E29-E0BB-46F7-8722-CB0C359F599E}.Release|Any CPU.Build.0 = Release|Any CPU
		{371D6448-7D0E-446C-9792-77F7122C9E8F}.Debug|Any CPU.ActiveCfg = Debug|Any CPU
		{371D6448-7D0E-446C-9792-77F7122C9E8F}.Debug|Any CPU.Build.0 = Debug|Any CPU
		{371D6448-7D0E-446C-9792-77F7122C9E8F}.Release|Any CPU.ActiveCfg = Release|Any CPU
		{371D6448-7D0E-446C-9792-77F7122C9E8F}.Release|Any CPU.Build.0 = Release|Any CPU
	EndGlobalSection
	GlobalSection(SolutionProperties) = preSolution
		HideSolutionNode = FALSE
	EndGlobalSection
	GlobalSection(ExtensibilityGlobals) = postSolution
		SolutionGuid = {5A981364-DF27-4728-8C99-6B0587662883}
	EndGlobalSection
EndGlobal
